
Microsoft Visual Studio Solution File, Format Version 12.00
# Visual Studio 15
Project("{FAE04EC0-301F-11D3-BF4B-00C04F79EFBC}") = "Assembly-CSharp", "Assembly-CSharp.csproj", "{2CAC63E9-72A8-24C0-71FC-E0520113BFFC}"
EndProject
Global
	GlobalSection(SolutionConfigurationPlatforms) = preSolution
		Debug|Any CPU = Debug|Any CPU
		Release|Any CPU = Release|Any CPU
	EndGlobalSection
	GlobalSection(ProjectConfigurationPlatforms) = postSolution
		{2CAC63E9-72A8-24C0-71FC-E0520113BFFC}.Debug|Any CPU.ActiveCfg = Debug|Any CPU
		{2CAC63E9-72A8-24C0-71FC-E0520113BFFC}.Debug|Any CPU.Build.0 = Debug|Any CPU
		{2CAC63E9-72A8-24C0-71FC-E0520113BFFC}.Release|Any CPU.ActiveCfg = Release|Any CPU
		{2CAC63E9-72A8-24C0-71FC-E0520113BFFC}.Release|Any CPU.Build.0 = Release|Any CPU
	EndGlobalSection
	GlobalSection(SolutionProperties) = preSolution
		HideSolutionNode = FALSE
	EndGlobalSection
EndGlobal
